
Microsoft Visual Studio Solution File, Format Version 12.00
# Visual Studio Version 16
VisualStudioVersion = 16.0.29709.97
MinimumVisualStudioVersion = 10.0.40219.1
Project("{9A19103F-16F7-4668-BE54-9A1E7A4F7556}") = "Formula.Newsfeed", "src\Formula.Newsfeed\Formula.Newsfeed.csproj", "{6822130E-0FD6-402D-8EF3-871780C8B9D6}"
EndProject
Project("{2150E333-8FDC-42A3-9474-1A3956D46DE8}") = "src", "src", "{6EEFA6FC-7825-4EF8-8C89-FB4E603466F6}"
EndProject
Project("{2150E333-8FDC-42A3-9474-1A3956D46DE8}") = "Solution Itens", "Solution Itens", "{FB957340-B3B0-43A8-AB9F-66D3F54C547C}"
	ProjectSection(SolutionItems) = preProject
		.gitignore = .gitignore
		LICENSE = LICENSE
		README.md = README.md
	EndProjectSection
EndProject
Global
	GlobalSection(SolutionConfigurationPlatforms) = preSolution
		Debug|Any CPU = Debug|Any CPU
		Release|Any CPU = Release|Any CPU
	EndGlobalSection
	GlobalSection(ProjectConfigurationPlatforms) = postSolution
		{6822130E-0FD6-402D-8EF3-871780C8B9D6}.Debug|Any CPU.ActiveCfg = Debug|Any CPU
		{6822130E-0FD6-402D-8EF3-871780C8B9D6}.Debug|Any CPU.Build.0 = Debug|Any CPU
		{6822130E-0FD6-402D-8EF3-871780C8B9D6}.Release|Any CPU.ActiveCfg = Release|Any CPU
		{6822130E-0FD6-402D-8EF3-871780C8B9D6}.Release|Any CPU.Build.0 = Release|Any CPU
	EndGlobalSection
	GlobalSection(SolutionProperties) = preSolution
		HideSolutionNode = FALSE
	EndGlobalSection
	GlobalSection(NestedProjects) = preSolution
		{6822130E-0FD6-402D-8EF3-871780C8B9D6} = {6EEFA6FC-7825-4EF8-8C89-FB4E603466F6}
	EndGlobalSection
	GlobalSection(ExtensibilityGlobals) = postSolution
		SolutionGuid = {79FB750D-B964-4236-9089-A7E83E4BF64F}
	EndGlobalSection
EndGlobal
